
Microsoft Visual Studio Solution File, Format Version 12.00
# Visual Studio Version 17
VisualStudioVersion = 17.0.31903.59
MinimumVisualStudioVersion = 10.0.40219.1
Project("{9A19103F-16F7-4668-BE54-9A1E7A4F7556}") = "OfflineTicketingSystem.Domain", "OfflineTicketingSystem.Domain\OfflineTicketingSystem.Domain.csproj", "{6DF4A507-69AF-40D8-9E7E-B63E9365E34A}"
EndProject
Project("{9A19103F-16F7-4668-BE54-9A1E7A4F7556}") = "OfflineTicketingSystem.Application", "OfflineTicketingSystem.Application\OfflineTicketingSystem.Application.csproj", "{91E828A4-7222-4B58-980F-CE88435DD91F}"
EndProject
Project("{9A19103F-16F7-4668-BE54-9A1E7A4F7556}") = "OfflineTicketingSystem.Infrastructure", "OfflineTicketingSystem.Infrastructure\OfflineTicketingSystem.Infrastructure.csproj", "{5DA10A85-6D5E-40D9-B1F1-C1B416EB9CDE}"
EndProject
Project("{9A19103F-16F7-4668-BE54-9A1E7A4F7556}") = "OfflineTicketingSystem.API", "OfflineTicketingSystem.API\OfflineTicketingSystem.API.csproj", "{7F0BFEB5-3A4B-469B-AA86-C399EA2DCF9B}"
EndProject
Global
	GlobalSection(SolutionConfigurationPlatforms) = preSolution
		Debug|Any CPU = Debug|Any CPU
		Release|Any CPU = Release|Any CPU
	EndGlobalSection
	GlobalSection(ProjectConfigurationPlatforms) = postSolution
		{6DF4A507-69AF-40D8-9E7E-B63E9365E34A}.Debug|Any CPU.ActiveCfg = Debug|Any CPU
		{6DF4A507-69AF-40D8-9E7E-B63E9365E34A}.Debug|Any CPU.Build.0 = Debug|Any CPU
		{6DF4A507-69AF-40D8-9E7E-B63E9365E34A}.Release|Any CPU.ActiveCfg = Release|Any CPU
		{6DF4A507-69AF-40D8-9E7E-B63E9365E34A}.Release|Any CPU.Build.0 = Release|Any CPU
		{91E828A4-7222-4B58-980F-CE88435DD91F}.Debug|Any CPU.ActiveCfg = Debug|Any CPU
		{91E828A4-7222-4B58-980F-CE88435DD91F}.Debug|Any CPU.Build.0 = Debug|Any CPU
		{91E828A4-7222-4B58-980F-CE88435DD91F}.Release|Any CPU.ActiveCfg = Release|Any CPU
		{91E828A4-7222-4B58-980F-CE88435DD91F}.Release|Any CPU.Build.0 = Release|Any CPU
		{5DA10A85-6D5E-40D9-B1F1-C1B416EB9CDE}.Debug|Any CPU.ActiveCfg = Debug|Any CPU
		{5DA10A85-6D5E-40D9-B1F1-C1B416EB9CDE}.Debug|Any CPU.Build.0 = Debug|Any CPU
		{5DA10A85-6D5E-40D9-B1F1-C1B416EB9CDE}.Release|Any CPU.ActiveCfg = Release|Any CPU
		{5DA10A85-6D5E-40D9-B1F1-C1B416EB9CDE}.Release|Any CPU.Build.0 = Release|Any CPU
		{7F0BFEB5-3A4B-469B-AA86-C399EA2DCF9B}.Debug|Any CPU.ActiveCfg = Debug|Any CPU
		{7F0BFEB5-3A4B-469B-AA86-C399EA2DCF9B}.Debug|Any CPU.Build.0 = Debug|Any CPU
		{7F0BFEB5-3A4B-469B-AA86-C399EA2DCF9B}.Release|Any CPU.ActiveCfg = Release|Any CPU
		{7F0BFEB5-3A4B-469B-AA86-C399EA2DCF9B}.Release|Any CPU.Build.0 = Release|Any CPU
	EndGlobalSection
	GlobalSection(SolutionProperties) = preSolution
		HideSolutionNode = FALSE
	EndGlobalSection
	GlobalSection(ExtensibilityGlobals) = postSolution
		SolutionGuid = {CED3DC54-635E-459C-8FAF-2979F74C077C}
	EndGlobalSection
EndGlobal
